
Microsoft Visual Studio Solution File, Format Version 12.00
# Visual Studio Version 16
VisualStudioVersion = 16.0.31624.102
MinimumVisualStudioVersion = 10.0.40219.1
Project("{F184B08F-C81C-45F6-A57F-5ABD9991F28F}") = "AttendeesProject", "AttendeesProject\AttendeesProject.vbproj", "{860501F0-113C-435A-9BC1-EF39F62003CC}"
EndProject
Global
	GlobalSection(SolutionConfigurationPlatforms) = preSolution
		Debug|Any CPU = Debug|Any CPU
		Release|Any CPU = Release|Any CPU
	EndGlobalSection
	GlobalSection(ProjectConfigurationPlatforms) = postSolution
		{860501F0-113C-435A-9BC1-EF39F62003CC}.Debug|Any CPU.ActiveCfg = Debug|Any CPU
		{860501F0-113C-435A-9BC1-EF39F62003CC}.Debug|Any CPU.Build.0 = Debug|Any CPU
		{860501F0-113C-435A-9BC1-EF39F62003CC}.Release|Any CPU.ActiveCfg = Release|Any CPU
		{860501F0-113C-435A-9BC1-EF39F62003CC}.Release|Any CPU.Build.0 = Release|Any CPU
	EndGlobalSection
	GlobalSection(SolutionProperties) = preSolution
		HideSolutionNode = FALSE
	EndGlobalSection
	GlobalSection(ExtensibilityGlobals) = postSolution
		SolutionGuid = {02085129-C6CA-4E54-9539-42545954D428}
	EndGlobalSection
EndGlobal
